
# =============================================================================
# 九-A2、2026年各初中学籍人数（来源：截图OCR，误差±5人）
# 数据来源：2026年杭州100所初中中考学籍人数参考截图
# OCR方式：OCR.Space API（免费，chs中文识别）
# 更新时间：2026-06-05
# =============================================================================
junior_high_enrollment_2026:
  data_source: "2026年杭州100所初中中考学籍人数参考截图（user截图上传）"
  ocr_method: "OCR.Space API"
  accuracy: "±5"
  total_schools: 100
  total_enrollment: 36790
  total_students_context: 44000
  coverage_pct: 83.6
  coverage_note: "覆盖约83.6%考生（36790/44000），未含个别生及部分未收录学校"
  full_school_note: "注意：没有在表格中的学校属于暂时没收集到数据的"

  gongshu:
    name: "拱墅区"
    school_count: 28
    total_enrollment: 8982
    schools:
      - {name: "拱宸中学", enrollment: 407}
      - {name: "桃源中学", enrollment: 559}
      - {name: "启正中学", enrollment: 234}
      - {name: "十四附属", enrollment: 289}
      - {name: "安吉路新天地", enrollment: 64}
      - {name: "安吉路实验", enrollment: 260}
      - {name: "文晖实验", enrollment: 348}
      - {name: "华师附", enrollment: 392}
      - {name: "大成岳家湾", enrollment: 191}
      - {name: "锦绣中学", enrollment: 400}
      - {name: "文澜中学", enrollment: 100}
      - {name: "文澜实验", enrollment: 461}
      - {name: "观成实验", enrollment: 175}
      - {name: "观成武林", enrollment: 470}
      - {name: "大关实验", enrollment: 373}
      - {name: "慧澜中学", enrollment: 240}
      - {name: "景成实验", enrollment: 260}
      - {name: "明珠中学", enrollment: 353}
      - {name: "康桥中学", enrollment: 230}
      - {name: "风帆中学", enrollment: 333}
      - {name: "朝晖中学", enrollment: 466}
      - {name: "春蕾中学", enrollment: 436}
      - {name: "育才中学", enrollment: 466}
      - {name: "大城北", enrollment: 355}
      - {name: "启航中学", enrollment: 280}
      - {name: "长阳中学", enrollment: 285}
      - {name: "胜蓝中学", enrollment: 325}
      - {name: "星潮中学", enrollment: 230}

  shangcheng:
    name: "上城区"
    school_count: 24
    total_enrollment: 9213
    schools:
      - {name: "钱江外国语", enrollment: 191}
      - {name: "四季青", enrollment: 299}
      - {name: "采荷中学", enrollment: 676}
      - {name: "杭州中学", enrollment: 780}
      - {name: "杭十中", enrollment: 255}
      - {name: "建兰中学", enrollment: 485}
      - {name: "笕成中学", enrollment: 333}
      - {name: "景芳中学", enrollment: 265}
      - {name: "开元中学", enrollment: 353}
      - {name: "丁兰实验", enrollment: 637}
      - {name: "澎扬中学", enrollment: 191}
      - {name: "东城实验", enrollment: 431}
      - {name: "丁荷中学", enrollment: 353}
      - {name: "笕桥实验", enrollment: 431}
      - {name: "惠兴中学", enrollment: 343}
      - {name: "采荷实验", enrollment: 382}
      - {name: "夏衍中学", enrollment: 260}
      - {name: "天杭实验", enrollment: 319}
      - {name: "钱学森学校", enrollment: 245}
      - {name: "钱江新城实验", enrollment: 422}
      - {name: "采荷濮家", enrollment: 402}
      - {name: "清河实验", enrollment: 245}
      - {name: "澎诚中学", enrollment: 440}
      - {name: "丁蕙实验", enrollment: 475}

  xihu:
    name: "西湖区"
    school_count: 23
    total_enrollment: 9219
    schools:
      - {name: "十三中", enrollment: 1108}
      - {name: "嘉绿苑", enrollment: 451}
      - {name: "丰潭中学", enrollment: 353}
      - {name: "紫金港", enrollment: 431}
      - {name: "翠苑中学", enrollment: 363}
      - {name: "弘益中学", enrollment: 461}
      - {name: "绿城育华", enrollment: 344}
      - {name: "文华中学", enrollment: 509}
      - {name: "三墩中学", enrollment: 515}
      - {name: "公益中学", enrollment: 516}
      - {name: "文理中学", enrollment: 431}
      - {name: "之江实验", enrollment: 259}
      - {name: "保俶塔实验", enrollment: 434}
      - {name: "西溪中学", enrollment: 524}
      - {name: "保俶塔申花", enrollment: 255}
      - {name: "景汇中学", enrollment: 372}
      - {name: "崇德中学", enrollment: 313}
      - {name: "十五中本部", enrollment: 330}
      - {name: "云城中学", enrollment: 123}
      - {name: "吉鸿中学", enrollment: 168}
      - {name: "上泗中学", enrollment: 620}
      - {name: "西湖一实", enrollment: 174}
      - {name: "之江一中", enrollment: 165}

  binjiang:
    name: "滨江区"
    school_count: 13
    total_enrollment: 4363
    schools:
      - {name: "白马湖", enrollment: 294}
      - {name: "高新实验", enrollment: 730}
      - {name: "滨和中学", enrollment: 328}
      - {name: "滨兰实验", enrollment: 228}
      - {name: "江南实验", enrollment: 603}
      - {name: "滨文中学", enrollment: 333}
      - {name: "长河中学", enrollment: 436}
      - {name: "闻涛中学", enrollment: 514}
      - {name: "浦沿中学", enrollment: 260}
      - {name: "竺可桢", enrollment: 147}
      - {name: "湖畔中学", enrollment: 216}
      - {name: "滨兴学校", enrollment: 102}
      - {name: "西兴中学", enrollment: 172}

  qiantang:
    name: "钱塘区"
    school_count: 12
    total_enrollment: 5013
    schools:
      - {name: "金沙湖", enrollment: 299}
      - {name: "文海实验", enrollment: 539}
      - {name: "新湾中学", enrollment: 436}
      - {name: "杭实外", enrollment: 142}
      - {name: "下沙中学", enrollment: 588}
      - {name: "养正学校", enrollment: 353}
      - {name: "学正中学", enrollment: 617}
      - {name: "景苑中学", enrollment: 520}
      - {name: "启成", enrollment: 216}
      - {name: "启源中学", enrollment: 510}
      - {name: "义蓬中学", enrollment: 623}
      - {name: "前进中学", enrollment: 170}
